// !$*UTF8*$!
{
	archiveVersion = 1;
	classes = {
	};
	objectVersion = 77;
	objects = {

/* Begin PBXBuildFile section */
		5286F4A42D8B060F00B0FC12 /* WidgetKit.framework in Frameworks */ = {isa = PBXBuildFile; fileRef = 5286F4A32D8B060F00B0FC12 /* WidgetKit.framework */; };
		5286F4A62D8B060F00B0FC12 /* SwiftUI.framework in Frameworks */ = {isa = PBXBuildFile; fileRef = 5286F4A52D8B060F00B0FC12 /* SwiftUI.framework */; };
		5286F4B12D8B061000B0FC12 /* MyTalliesWidgetExtension.appex in Embed Foundation Extensions */ = {isa = PBXBuildFile; fileRef = 5286F4A12D8B060F00B0FC12 /* MyTalliesWidgetExtension.appex */; settings = {ATTRIBUTES = (RemoveHeadersOnCopy, ); }; };
/* End PBXBuildFile section */

/* Begin PBXContainerItemProxy section */
		5286F4AF2D8B061000B0FC12 /* PBXContainerItemProxy */ = {
			isa = PBXContainerItemProxy;
			containerPortal = 5286F4792D8A0AE000B0FC12 /* Project object */;
			proxyType = 1;
			remoteGlobalIDString = 5286F4A02D8B060F00B0FC12;
			remoteInfo = MyTalliesWidgetExtension;
		};
/* End PBXContainerItemProxy section */

/* Begin PBXCopyFilesBuildPhase section */
		5286F4B62D8B061000B0FC12 /* Embed Foundation Extensions */ = {
			isa = PBXCopyFilesBuildPhase;
			buildActionMask = 2147483647;
			dstPath = "";
			dstSubfolderSpec = 13;
			files = (
				5286F4B12D8B061000B0FC12 /* MyTalliesWidgetExtension.appex in Embed Foundation Extensions */,
			);
			name = "Embed Foundation Extensions";
			runOnlyForDeploymentPostprocessing = 0;
		};
/* End PBXCopyFilesBuildPhase section */

/* Begin PBXFileReference section */
		5286F4812D8A0AE000B0FC12 /* MyTalliesLocal.app */ = {isa = PBXFileReference; explicitFileType = wrapper.application; includeInIndex = 0; path = MyTalliesLocal.app; sourceTree = BUILT_PRODUCTS_DIR; };
		5286F4A12D8B060F00B0FC12 /* MyTalliesWidgetExtension.appex */ = {isa = PBXFileReference; explicitFileType = "wrapper.app-extension"; includeInIndex = 0; path = MyTalliesWidgetExtension.appex; sourceTree = BUILT_PRODUCTS_DIR; };
		5286F4A32D8B060F00B0FC12 /* WidgetKit.framework */ = {isa = PBXFileReference; lastKnownFileType = wrapper.framework; name = WidgetKit.framework; path = System/Library/Frameworks/WidgetKit.framework; sourceTree = SDKROOT; };
		5286F4A52D8B060F00B0FC12 /* SwiftUI.framework */ = {isa = PBXFileReference; lastKnownFileType = wrapper.framework; name = SwiftUI.framework; path = System/Library/Frameworks/SwiftUI.framework; sourceTree = SDKROOT; };
		5286F4B72D8B064600B0FC12 /* MyTalliesWidgetExtension.entitlements */ = {isa = PBXFileReference; lastKnownFileType = text.plist.entitlements; path = MyTalliesWidgetExtension.entitlements; sourceTree = "<group>"; };
/* End PBXFileReference section */

/* Begin PBXFileSystemSynchronizedBuildFileExceptionSet section */
		5286F4B22D8B061000B0FC12 /* Exceptions for "MyTalliesWidget" folder in "MyTalliesWidgetExtension" target */ = {
			isa = PBXFileSystemSynchronizedBuildFileExceptionSet;
			membershipExceptions = (
				Info.plist,
			);
			target = 5286F4A02D8B060F00B0FC12 /* MyTalliesWidgetExtension */;
		};
		5286F4B92D8B081300B0FC12 /* Exceptions for "MyTalliesLocal" folder in "MyTalliesWidgetExtension" target */ = {
			isa = PBXFileSystemSynchronizedBuildFileExceptionSet;
			membershipExceptions = (
				SingleTallyView.swift,
				Tally.swift,
			);
			target = 5286F4A02D8B060F00B0FC12 /* MyTalliesWidgetExtension */;
		};
		5286F4BE2D8B0C6B00B0FC12 /* Exceptions for "MyTalliesWidget" folder in "MyTalliesLocal" target */ = {
			isa = PBXFileSystemSynchronizedBuildFileExceptionSet;
			membershipExceptions = (
				UpdateTallyIntent.swift,
			);
			target = 5286F4802D8A0AE000B0FC12 /* MyTalliesLocal */;
		};
/* End PBXFileSystemSynchronizedBuildFileExceptionSet section */

/* Begin PBXFileSystemSynchronizedRootGroup section */
		5286F4832D8A0AE000B0FC12 /* MyTalliesLocal */ = {
			isa = PBXFileSystemSynchronizedRootGroup;
			exceptions = (
				5286F4B92D8B081300B0FC12 /* Exceptions for "MyTalliesLocal" folder in "MyTalliesWidgetExtension" target */,
			);
			path = MyTalliesLocal;
			sourceTree = "<group>";
		};
		5286F4A72D8B060F00B0FC12 /* MyTalliesWidget */ = {
			isa = PBXFileSystemSynchronizedRootGroup;
			exceptions = (
				5286F4BE2D8B0C6B00B0FC12 /* Exceptions for "MyTalliesWidget" folder in "MyTalliesLocal" target */,
				5286F4B22D8B061000B0FC12 /* Exceptions for "MyTalliesWidget" folder in "MyTalliesWidgetExtension" target */,
			);
			path = MyTalliesWidget;
			sourceTree = "<group>";
		};
/* End PBXFileSystemSynchronizedRootGroup section */

/* Begin PBXFrameworksBuildPhase section */
		5286F47E2D8A0AE000B0FC12 /* Frameworks */ = {
			isa = PBXFrameworksBuildPhase;
			buildActionMask = 2147483647;
			files = (
			);
			runOnlyForDeploymentPostprocessing = 0;
		};
		5286F49E2D8B060F00B0FC12 /* Frameworks */ = {
			isa = PBXFrameworksBuildPhase;
			buildActionMask = 2147483647;
			files = (
				5286F4A62D8B060F00B0FC12 /* SwiftUI.framework in Frameworks */,
				5286F4A42D8B060F00B0FC12 /* WidgetKit.framework in Frameworks */,
			);
			runOnlyForDeploymentPostprocessing = 0;
		};
/* End PBXFrameworksBuildPhase section */

/* Begin PBXGroup section */
		5286F4782D8A0AE000B0FC12 = {
			isa = PBXGroup;
			children = (
				5286F4B72D8B064600B0FC12 /* MyTalliesWidgetExtension.entitlements */,
				5286F4832D8A0AE000B0FC12 /* MyTalliesLocal */,
				5286F4A72D8B060F00B0FC12 /* MyTalliesWidget */,
				5286F4A22D8B060F00B0FC12 /* Frameworks */,
				5286F4822D8A0AE000B0FC12 /* Products */,
			);
			sourceTree = "<group>";
		};
		5286F4822D8A0AE000B0FC12 /* Products */ = {
			isa = PBXGroup;
			children = (
				5286F4812D8A0AE000B0FC12 /* MyTalliesLocal.app */,
				5286F4A12D8B060F00B0FC12 /* MyTalliesWidgetExtension.appex */,
			);
			name = Products;
			sourceTree = "<group>";
		};
		5286F4A22D8B060F00B0FC12 /* Frameworks */ = {
			isa = PBXGroup;
			children = (
				5286F4A32D8B060F00B0FC12 /* WidgetKit.framework */,
				5286F4A52D8B060F00B0FC12 /* SwiftUI.framework */,
			);
			name = Frameworks;
			sourceTree = "<group>";
		};
/* End PBXGroup section */

/* Begin PBXNativeTarget section */
		5286F4802D8A0AE000B0FC12 /* MyTalliesLocal */ = {
			isa = PBXNativeTarget;
			buildConfigurationList = 5286F48F2D8A0AE100B0FC12 /* Build configuration list for PBXNativeTarget "MyTalliesLocal" */;
			buildPhases = (
				5286F47D2D8A0AE000B0FC12 /* Sources */,
				5286F47E2D8A0AE000B0FC12 /* Frameworks */,
				5286F47F2D8A0AE000B0FC12 /* Resources */,
				5286F4B62D8B061000B0FC12 /* Embed Foundation Extensions */,
			);
			buildRules = (
			);
			dependencies = (
				5286F4B02D8B061000B0FC12 /* PBXTargetDependency */,
			);
			fileSystemSynchronizedGroups = (
				5286F4832D8A0AE000B0FC12 /* MyTalliesLocal */,
			);
			name = MyTalliesLocal;
			packageProductDependencies = (
			);
			productName = MyTalliesLocal;
			productReference = 5286F4812D8A0AE000B0FC12 /* MyTalliesLocal.app */;
			productType = "com.apple.product-type.application";
		};
		5286F4A02D8B060F00B0FC12 /* MyTalliesWidgetExtension */ = {
			isa = PBXNativeTarget;
			buildConfigurationList = 5286F4B32D8B061000B0FC12 /* Build configuration list for PBXNativeTarget "MyTalliesWidgetExtension" */;
			buildPhases = (
				5286F49D2D8B060F00B0FC12 /* Sources */,
				5286F49E2D8B060F00B0FC12 /* Frameworks */,
				5286F49F2D8B060F00B0FC12 /* Resources */,
			);
			buildRules = (
			);
			dependencies = (
			);
			fileSystemSynchronizedGroups = (
				5286F4A72D8B060F00B0FC12 /* MyTalliesWidget */,
			);
			name = MyTalliesWidgetExtension;
			packageProductDependencies = (
			);
			productName = MyTalliesWidgetExtension;
			productReference = 5286F4A12D8B060F00B0FC12 /* MyTalliesWidgetExtension.appex */;
			productType = "com.apple.product-type.app-extension";
		};
/* End PBXNativeTarget section */

/* Begin PBXProject section */
		5286F4792D8A0AE000B0FC12 /* Project object */ = {
			isa = PBXProject;
			attributes = {
				BuildIndependentTargetsInParallel = 1;
				LastSwiftUpdateCheck = 1620;
				LastUpgradeCheck = 1620;
				TargetAttributes = {
					5286F4802D8A0AE000B0FC12 = {
						CreatedOnToolsVersion = 16.2;
					};
					5286F4A02D8B060F00B0FC12 = {
						CreatedOnToolsVersion = 16.2;
					};
				};
			};
			buildConfigurationList = 5286F47C2D8A0AE000B0FC12 /* Build configuration list for PBXProject "MyTalliesLocal" */;
			developmentRegion = en;
			hasScannedForEncodings = 0;
			knownRegions = (
				en,
				Base,
			);
			mainGroup = 5286F4782D8A0AE000B0FC12;
			minimizedProjectReferenceProxies = 1;
			preferredProjectObjectVersion = 77;
			productRefGroup = 5286F4822D8A0AE000B0FC12 /* Products */;
			projectDirPath = "";
			projectRoot = "";
			targets = (
				5286F4802D8A0AE000B0FC12 /* MyTalliesLocal */,
				5286F4A02D8B060F00B0FC12 /* MyTalliesWidgetExtension */,
			);
		};
/* End PBXProject section */

/* Begin PBXResourcesBuildPhase section */
		5286F47F2D8A0AE000B0FC12 /* Resources */ = {
			isa = PBXResourcesBuildPhase;
			buildActionMask = 2147483647;
			files = (
			);
			runOnlyForDeploymentPostprocessing = 0;
		};
		5286F49F2D8B060F00B0FC12 /* Resources */ = {
			isa = PBXResourcesBuildPhase;
			buildActionMask = 2147483647;
			files = (
			);
			runOnlyForDeploymentPostprocessing = 0;
		};
/* End PBXResourcesBuildPhase section */

/* Begin PBXSourcesBuildPhase section */
		5286F47D2D8A0AE000B0FC12 /* Sources */ = {
			isa = PBXSourcesBuildPhase;
			buildActionMask = 2147483647;
			files = (
			);
			runOnlyForDeploymentPostprocessing = 0;
		};
		5286F49D2D8B060F00B0FC12 /* Sources */ = {
			isa = PBXSourcesBuildPhase;
			buildActionMask = 2147483647;
			files = (
			);
			runOnlyForDeploymentPostprocessing = 0;
		};
/* End PBXSourcesBuildPhase section */

/* Begin PBXTargetDependency section */
		5286F4B02D8B061000B0FC12 /* PBXTargetDependency */ = {
			isa = PBXTargetDependency;
			target = 5286F4A02D8B060F00B0FC12 /* MyTalliesWidgetExtension */;
			targetProxy = 5286F4AF2D8B061000B0FC12 /* PBXContainerItemProxy */;
		};
/* End PBXTargetDependency section */

/* Begin XCBuildConfiguration section */
		5286F48D2D8A0AE100B0FC12 /* Debug */ = {
			isa = XCBuildConfiguration;
			buildSettings = {
				ALWAYS_SEARCH_USER_PATHS = NO;
				ASSETCATALOG_COMPILER_GENERATE_SWIFT_ASSET_SYMBOL_EXTENSIONS = YES;
				CLANG_ANALYZER_NONNULL = YES;
				CLANG_ANALYZER_NUMBER_OBJECT_CONVERSION = YES_AGGRESSIVE;
				CLANG_CXX_LANGUAGE_STANDARD = "gnu++20";
				CLANG_ENABLE_MODULES = YES;
				CLANG_ENABLE_OBJC_ARC = YES;
				CLANG_ENABLE_OBJC_WEAK = YES;
				CLANG_WARN_BLOCK_CAPTURE_AUTORELEASING = YES;
				CLANG_WARN_BOOL_CONVERSION = YES;
				CLANG_WARN_COMMA = YES;
				CLANG_WARN_CONSTANT_CONVERSION = YES;
				CLANG_WARN_DEPRECATED_OBJC_IMPLEMENTATIONS = YES;
				CLANG_WARN_DIRECT_OBJC_ISA_USAGE = YES_ERROR;
				CLANG_WARN_DOCUMENTATION_COMMENTS = YES;
				CLANG_WARN_EMPTY_BODY = YES;
				CLANG_WARN_ENUM_CONVERSION = YES;
				CLANG_WARN_INFINITE_RECURSION = YES;
				CLANG_WARN_INT_CONVERSION = YES;
				CLANG_WARN_NON_LITERAL_NULL_CONVERSION = YES;
				CLANG_WARN_OBJC_IMPLICIT_RETAIN_SELF = YES;
				CLANG_WARN_OBJC_LITERAL_CONVERSION = YES;
				CLANG_WARN_OBJC_ROOT_CLASS = YES_ERROR;
				CLANG_WARN_QUOTED_INCLUDE_IN_FRAMEWORK_HEADER = YES;
				CLANG_WARN_RANGE_LOOP_ANALYSIS = YES;
				CLANG_WARN_STRICT_PROTOTYPES = YES;
				CLANG_WARN_SUSPICIOUS_MOVE = YES;
				CLANG_WARN_UNGUARDED_AVAILABILITY = YES_AGGRESSIVE;
				CLANG_WARN_UNREACHABLE_CODE = YES;
				CLANG_WARN__DUPLICATE_METHOD_MATCH = YES;
				COPY_PHASE_STRIP = NO;
				DEBUG_INFORMATION_FORMAT = dwarf;
				ENABLE_STRICT_OBJC_MSGSEND = YES;
				ENABLE_TESTABILITY = YES;
				ENABLE_USER_SCRIPT_SANDBOXING = YES;
				GCC_C_LANGUAGE_STANDARD = gnu17;
				GCC_DYNAMIC_NO_PIC = NO;
				GCC_NO_COMMON_BLOCKS = YES;
				GCC_OPTIMIZATION_LEVEL = 0;
				GCC_PREPROCESSOR_DEFINITIONS = (
					"DEBUG=1",
					"$(inherited)",
				);
				GCC_WARN_64_TO_32_BIT_CONVERSION = YES;
				GCC_WARN_ABOUT_RETURN_TYPE = YES_ERROR;
				GCC_WARN_UNDECLARED_SELECTOR = YES;
				GCC_WARN_UNINITIALIZED_AUTOS = YES_AGGRESSIVE;
				GCC_WARN_UNUSED_FUNCTION = YES;
				GCC_WARN_UNUSED_VARIABLE = YES;
				IPHONEOS_DEPLOYMENT_TARGET = 18.2;
				LOCALIZATION_PREFERS_STRING_CATALOGS = YES;
				MTL_ENABLE_DEBUG_INFO = INCLUDE_SOURCE;
				MTL_FAST_MATH = YES;
				ONLY_ACTIVE_ARCH = YES;
				SDKROOT = iphoneos;
				SWIFT_ACTIVE_COMPILATION_CONDITIONS = "DEBUG $(inherited)";
				SWIFT_OPTIMIZATION_LEVEL = "-Onone";
			};
			name = Debug;
		};
		5286F48E2D8A0AE100B0FC12 /* Release */ = {
			isa = XCBuildConfiguration;
			buildSettings = {
				ALWAYS_SEARCH_USER_PATHS = NO;
				ASSETCATALOG_COMPILER_GENERATE_SWIFT_ASSET_SYMBOL_EXTENSIONS = YES;
				CLANG_ANALYZER_NONNULL = YES;
				CLANG_ANALYZER_NUMBER_OBJECT_CONVERSION = YES_AGGRESSIVE;
				CLANG_CXX_LANGUAGE_STANDARD = "gnu++20";
				CLANG_ENABLE_MODULES = YES;
				CLANG_ENABLE_OBJC_ARC = YES;
				CLANG_ENABLE_OBJC_WEAK = YES;
				CLANG_WARN_BLOCK_CAPTURE_AUTORELEASING = YES;
				CLANG_WARN_BOOL_CONVERSION = YES;
				CLANG_WARN_COMMA = YES;
				CLANG_WARN_CONSTANT_CONVERSION = YES;
				CLANG_WARN_DEPRECATED_OBJC_IMPLEMENTATIONS = YES;
				CLANG_WARN_DIRECT_OBJC_ISA_USAGE = YES_ERROR;
				CLANG_WARN_DOCUMENTATION_COMMENTS = YES;
				CLANG_WARN_EMPTY_BODY = YES;
				CLANG_WARN_ENUM_CONVERSION = YES;
				CLANG_WARN_INFINITE_RECURSION = YES;
				CLANG_WARN_INT_CONVERSION = YES;
				CLANG_WARN_NON_LITERAL_NULL_CONVERSION = YES;
				CLANG_WARN_OBJC_IMPLICIT_RETAIN_SELF = YES;
				CLANG_WARN_OBJC_LITERAL_CONVERSION = YES;
				CLANG_WARN_OBJC_ROOT_CLASS = YES_ERROR;
				CLANG_WARN_QUOTED_INCLUDE_IN_FRAMEWORK_HEADER = YES;
				CLANG_WARN_RANGE_LOOP_ANALYSIS = YES;
				CLANG_WARN_STRICT_PROTOTYPES = YES;
				CLANG_WARN_SUSPICIOUS_MOVE = YES;
				CLANG_WARN_UNGUARDED_AVAILABILITY = YES_AGGRESSIVE;
				CLANG_WARN_UNREACHABLE_CODE = YES;
				CLANG_WARN__DUPLICATE_METHOD_MATCH = YES;
				COPY_PHASE_STRIP = NO;
				DEBUG_INFORMATION_FORMAT = "dwarf-with-dsym";
				ENABLE_NS_ASSERTIONS = NO;
				ENABLE_STRICT_OBJC_MSGSEND = YES;
				ENABLE_USER_SCRIPT_SANDBOXING = YES;
				GCC_C_LANGUAGE_STANDARD = gnu17;
				GCC_NO_COMMON_BLOCKS = YES;
				GCC_WARN_64_TO_32_BIT_CONVERSION = YES;
				GCC_WARN_ABOUT_RETURN_TYPE = YES_ERROR;
				GCC_WARN_UNDECLARED_SELECTOR = YES;
				GCC_WARN_UNINITIALIZED_AUTOS = YES_AGGRESSIVE;
				GCC_WARN_UNUSED_FUNCTION = YES;
				GCC_WARN_UNUSED_VARIABLE = YES;
				IPHONEOS_DEPLOYMENT_TARGET = 18.2;
				LOCALIZATION_PREFERS_STRING_CATALOGS = YES;
				MTL_ENABLE_DEBUG_INFO = NO;
				MTL_FAST_MATH = YES;
				SDKROOT = iphoneos;
				SWIFT_COMPILATION_MODE = wholemodule;
				VALIDATE_PRODUCT = YES;
			};
			name = Release;
		};
		5286F4902D8A0AE100B0FC12 /* Debug */ = {
			isa = XCBuildConfiguration;
			buildSettings = {
				ASSETCATALOG_COMPILER_APPICON_NAME = AppIcon;
				ASSETCATALOG_COMPILER_GLOBAL_ACCENT_COLOR_NAME = AccentColor;
				CODE_SIGN_ENTITLEMENTS = MyTalliesLocal/MyTalliesLocal.entitlements;
				CODE_SIGN_STYLE = Automatic;
				CURRENT_PROJECT_VERSION = 1;
				DEVELOPMENT_ASSET_PATHS = "\"MyTalliesLocal/Preview Content\"";
				DEVELOPMENT_TEAM = L97JMB29U2;
				ENABLE_PREVIEWS = YES;
				GENERATE_INFOPLIST_FILE = YES;
				INFOPLIST_KEY_UIApplicationSceneManifest_Generation = YES;
				INFOPLIST_KEY_UIApplicationSupportsIndirectInputEvents = YES;
				INFOPLIST_KEY_UILaunchScreen_Generation = YES;
				INFOPLIST_KEY_UISupportedInterfaceOrientations_iPad = "UIInterfaceOrientationPortrait UIInterfaceOrientationPortraitUpsideDown UIInterfaceOrientationLandscapeLeft UIInterfaceOrientationLandscapeRight";
				INFOPLIST_KEY_UISupportedInterfaceOrientations_iPhone = "UIInterfaceOrientationPortrait UIInterfaceOrientationLandscapeLeft UIInterfaceOrientationLandscapeRight";
				LD_RUNPATH_SEARCH_PATHS = (
					"$(inherited)",
					"@executable_path/Frameworks",
				);
				MARKETING_VERSION = 1.0;
				PRODUCT_BUNDLE_IDENTIFIER = com.playfullogic.MyTalliesLocal;
				PRODUCT_NAME = "$(TARGET_NAME)";
				SWIFT_EMIT_LOC_STRINGS = YES;
				SWIFT_VERSION = 5.0;
				TARGETED_DEVICE_FAMILY = "1,2";
			};
			name = Debug;
		};
		5286F4912D8A0AE100B0FC12 /* Release */ = {
			isa = XCBuildConfiguration;
			buildSettings = {
				ASSETCATALOG_COMPILER_APPICON_NAME = AppIcon;
				ASSETCATALOG_COMPILER_GLOBAL_ACCENT_COLOR_NAME = AccentColor;
				CODE_SIGN_ENTITLEMENTS = MyTalliesLocal/MyTalliesLocal.entitlements;
				CODE_SIGN_STYLE = Automatic;
				CURRENT_PROJECT_VERSION = 1;
				DEVELOPMENT_ASSET_PATHS = "\"MyTalliesLocal/Preview Content\"";
				DEVELOPMENT_TEAM = L97JMB29U2;
				ENABLE_PREVIEWS = YES;
				GENERATE_INFOPLIST_FILE = YES;
				INFOPLIST_KEY_UIApplicationSceneManifest_Generation = YES;
				INFOPLIST_KEY_UIApplicationSupportsIndirectInputEvents = YES;
				INFOPLIST_KEY_UILaunchScreen_Generation = YES;
				INFOPLIST_KEY_UISupportedInterfaceOrientations_iPad = "UIInterfaceOrientationPortrait UIInterfaceOrientationPortraitUpsideDown UIInterfaceOrientationLandscapeLeft UIInterfaceOrientationLandscapeRight";
				INFOPLIST_KEY_UISupportedInterfaceOrientations_iPhone = "UIInterfaceOrientationPortrait UIInterfaceOrientationLandscapeLeft UIInterfaceOrientationLandscapeRight";
				LD_RUNPATH_SEARCH_PATHS = (
					"$(inherited)",
					"@executable_path/Frameworks",
				);
				MARKETING_VERSION = 1.0;
				PRODUCT_BUNDLE_IDENTIFIER = com.playfullogic.MyTalliesLocal;
				PRODUCT_NAME = "$(TARGET_NAME)";
				SWIFT_EMIT_LOC_STRINGS = YES;
				SWIFT_VERSION = 5.0;
				TARGETED_DEVICE_FAMILY = "1,2";
			};
			name = Release;
		};
		5286F4B42D8B061000B0FC12 /* Debug */ = {
			isa = XCBuildConfiguration;
			buildSettings = {
				ASSETCATALOG_COMPILER_GLOBAL_ACCENT_COLOR_NAME = AccentColor;
				ASSETCATALOG_COMPILER_WIDGET_BACKGROUND_COLOR_NAME = WidgetBackground;
				CODE_SIGN_ENTITLEMENTS = MyTalliesWidgetExtension.entitlements;
				CODE_SIGN_STYLE = Automatic;
				CURRENT_PROJECT_VERSION = 1;
				DEVELOPMENT_TEAM = L97JMB29U2;
				GENERATE_INFOPLIST_FILE = YES;
				INFOPLIST_FILE = MyTalliesWidget/Info.plist;
				INFOPLIST_KEY_CFBundleDisplayName = MyTalliesWidget;
				INFOPLIST_KEY_NSHumanReadableCopyright = "";
				LD_RUNPATH_SEARCH_PATHS = (
					"$(inherited)",
					"@executable_path/Frameworks",
					"@executable_path/../../Frameworks",
				);
				MARKETING_VERSION = 1.0;
				PRODUCT_BUNDLE_IDENTIFIER = com.playfullogic.MyTalliesLocal.MyTalliesWidget;
				PRODUCT_NAME = "$(TARGET_NAME)";
				SKIP_INSTALL = YES;
				SWIFT_EMIT_LOC_STRINGS = YES;
				SWIFT_VERSION = 5.0;
				TARGETED_DEVICE_FAMILY = "1,2";
			};
			name = Debug;
		};
		5286F4B52D8B061000B0FC12 /* Release */ = {
			isa = XCBuildConfiguration;
			buildSettings = {
				ASSETCATALOG_COMPILER_GLOBAL_ACCENT_COLOR_NAME = AccentColor;
				ASSETCATALOG_COMPILER_WIDGET_BACKGROUND_COLOR_NAME = WidgetBackground;
				CODE_SIGN_ENTITLEMENTS = MyTalliesWidgetExtension.entitlements;
				CODE_SIGN_STYLE = Automatic;
				CURRENT_PROJECT_VERSION = 1;
				DEVELOPMENT_TEAM = L97JMB29U2;
				GENERATE_INFOPLIST_FILE = YES;
				INFOPLIST_FILE = MyTalliesWidget/Info.plist;
				INFOPLIST_KEY_CFBundleDisplayName = MyTalliesWidget;
				INFOPLIST_KEY_NSHumanReadableCopyright = "";
				LD_RUNPATH_SEARCH_PATHS = (
					"$(inherited)",
					"@executable_path/Frameworks",
					"@executable_path/../../Frameworks",
				);
				MARKETING_VERSION = 1.0;
				PRODUCT_BUNDLE_IDENTIFIER = com.playfullogic.MyTalliesLocal.MyTalliesWidget;
				PRODUCT_NAME = "$(TARGET_NAME)";
				SKIP_INSTALL = YES;
				SWIFT_EMIT_LOC_STRINGS = YES;
				SWIFT_VERSION = 5.0;
				TARGETED_DEVICE_FAMILY = "1,2";
			};
			name = Release;
		};
/* End XCBuildConfiguration section */

/* Begin XCConfigurationList section */
		5286F47C2D8A0AE000B0FC12 /* Build configuration list for PBXProject "MyTalliesLocal" */ = {
			isa = XCConfigurationList;
			buildConfigurations = (
				5286F48D2D8A0AE100B0FC12 /* Debug */,
				5286F48E2D8A0AE100B0FC12 /* Release */,
			);
			defaultConfigurationIsVisible = 0;
			defaultConfigurationName = Release;
		};
		5286F48F2D8A0AE100B0FC12 /* Build configuration list for PBXNativeTarget "MyTalliesLocal" */ = {
			isa = XCConfigurationList;
			buildConfigurations = (
				5286F4902D8A0AE100B0FC12 /* Debug */,
				5286F4912D8A0AE100B0FC12 /* Release */,
			);
			defaultConfigurationIsVisible = 0;
			defaultConfigurationName = Release;
		};
		5286F4B32D8B061000B0FC12 /* Build configuration list for PBXNativeTarget "MyTalliesWidgetExtension" */ = {
			isa = XCConfigurationList;
			buildConfigurations = (
				5286F4B42D8B061000B0FC12 /* Debug */,
				5286F4B52D8B061000B0FC12 /* Release */,
			);
			defaultConfigurationIsVisible = 0;
			defaultConfigurationName = Release;
		};
/* End XCConfigurationList section */
	};
	rootObject = 5286F4792D8A0AE000B0FC12 /* Project object */;
}
